
Microsoft Visual Studio Solution File, Format Version 12.00
# Visual Studio Version 16
VisualStudioVersion = 16.0.30503.244
MinimumVisualStudioVersion = 10.0.40219.1
Project("{FAE04EC0-301F-11D3-BF4B-00C04F79EFBC}") = "ConsoleApp2", "ConsoleApp2\ConsoleApp2.csproj", "{F3BEF6F0-DBD5-455F-8729-B2EC2A222070}"
EndProject
Global
	GlobalSection(SolutionConfigurationPlatforms) = preSolution
		Debug|Any CPU = Debug|Any CPU
		Release|Any CPU = Release|Any CPU
	EndGlobalSection
	GlobalSection(ProjectConfigurationPlatforms) = postSolution
		{F3BEF6F0-DBD5-455F-8729-B2EC2A222070}.Debug|Any CPU.ActiveCfg = Debug|Any CPU
		{F3BEF6F0-DBD5-455F-8729-B2EC2A222070}.Debug|Any CPU.Build.0 = Debug|Any CPU
		{F3BEF6F0-DBD5-455F-8729-B2EC2A222070}.Release|Any CPU.ActiveCfg = Release|Any CPU
		{F3BEF6F0-DBD5-455F-8729-B2EC2A222070}.Release|Any CPU.Build.0 = Release|Any CPU
	EndGlobalSection
	GlobalSection(SolutionProperties) = preSolution
		HideSolutionNode = FALSE
	EndGlobalSection
	GlobalSection(ExtensibilityGlobals) = postSolution
		SolutionGuid = {93258E84-99DD-4008-AA4B-65FDF6B65AED}
	EndGlobalSection
EndGlobal
